
Microsoft Visual Studio Solution File, Format Version 12.00
# Visual Studio Version 17
VisualStudioVersion = 17.2.32519.379
MinimumVisualStudioVersion = 10.0.40219.1
Project("{FAE04EC0-301F-11D3-BF4B-00C04F79EFBC}") = "OpenTodo", "OpenTodo\OpenTodo.csproj", "{55D58B2E-34D2-490C-BD9C-06DB5F8E4FC9}"
EndProject
Global
	GlobalSection(SolutionConfigurationPlatforms) = preSolution
		Debug|Any CPU = Debug|Any CPU
		Release|Any CPU = Release|Any CPU
	EndGlobalSection
	GlobalSection(ProjectConfigurationPlatforms) = postSolution
		{55D58B2E-34D2-490C-BD9C-06DB5F8E4FC9}.Debug|Any CPU.ActiveCfg = Debug|Any CPU
		{55D58B2E-34D2-490C-BD9C-06DB5F8E4FC9}.Debug|Any CPU.Build.0 = Debug|Any CPU
		{55D58B2E-34D2-490C-BD9C-06DB5F8E4FC9}.Release|Any CPU.ActiveCfg = Release|Any CPU
		{55D58B2E-34D2-490C-BD9C-06DB5F8E4FC9}.Release|Any CPU.Build.0 = Release|Any CPU
	EndGlobalSection
	GlobalSection(SolutionProperties) = preSolution
		HideSolutionNode = FALSE
	EndGlobalSection
	GlobalSection(ExtensibilityGlobals) = postSolution
		SolutionGuid = {0BE9DE7F-3154-4278-B693-F9D0D88E2DD2}
	EndGlobalSection
EndGlobal
